
Microsoft Visual Studio Solution File, Format Version 12.00
# Visual Studio 15
VisualStudioVersion = 15.0.28010.2016
MinimumVisualStudioVersion = 10.0.40219.1
Project("{FAE04EC0-301F-11D3-BF4B-00C04F79EFBC}") = "Ch9-P5-GenericPoint", "Ch9-P5-GenericPoint\Ch9-P5-GenericPoint.csproj", "{7C2978BB-327E-4C44-B513-47E6D7B36A14}"
EndProject
Global
	GlobalSection(SolutionConfigurationPlatforms) = preSolution
		Debug|Any CPU = Debug|Any CPU
		Release|Any CPU = Release|Any CPU
	EndGlobalSection
	GlobalSection(ProjectConfigurationPlatforms) = postSolution
		{7C2978BB-327E-4C44-B513-47E6D7B36A14}.Debug|Any CPU.ActiveCfg = Debug|Any CPU
		{7C2978BB-327E-4C44-B513-47E6D7B36A14}.Debug|Any CPU.Build.0 = Debug|Any CPU
		{7C2978BB-327E-4C44-B513-47E6D7B36A14}.Release|Any CPU.ActiveCfg = Release|Any CPU
		{7C2978BB-327E-4C44-B513-47E6D7B36A14}.Release|Any CPU.Build.0 = Release|Any CPU
	EndGlobalSection
	GlobalSection(SolutionProperties) = preSolution
		HideSolutionNode = FALSE
	EndGlobalSection
	GlobalSection(ExtensibilityGlobals) = postSolution
		SolutionGuid = {F1634E8F-911B-4A15-B03C-567E341F9F46}
	EndGlobalSection
EndGlobal
